
Microsoft Visual Studio Solution File, Format Version 12.00
# Visual Studio Version 17
VisualStudioVersion = 17.7.34024.191
MinimumVisualStudioVersion = 10.0.40219.1
Project("{8BC9CEB8-8B4A-11D0-8D11-00A0C91BC942}") = "Weaver", "Weaver.vcxproj", "{D41E805A-2E6D-42FD-84E3-D9D3BA2985E7}"
EndProject
Global
	GlobalSection(SolutionConfigurationPlatforms) = preSolution
		Debug|x64 = Debug|x64
		Debug|x86 = Debug|x86
		Release|x64 = Release|x64
		Release|x86 = Release|x86
	EndGlobalSection
	GlobalSection(ProjectConfigurationPlatforms) = postSolution
		{D41E805A-2E6D-42FD-84E3-D9D3BA2985E7}.Debug|x64.ActiveCfg = Debug|x64
		{D41E805A-2E6D-42FD-84E3-D9D3BA2985E7}.Debug|x64.Build.0 = Debug|x64
		{D41E805A-2E6D-42FD-84E3-D9D3BA2985E7}.Debug|x86.ActiveCfg = Debug|Win32
		{D41E805A-2E6D-42FD-84E3-D9D3BA2985E7}.Debug|x86.Build.0 = Debug|Win32
		{D41E805A-2E6D-42FD-84E3-D9D3BA2985E7}.Release|x64.ActiveCfg = Release|x64
		{D41E805A-2E6D-42FD-84E3-D9D3BA2985E7}.Release|x64.Build.0 = Release|x64
		{D41E805A-2E6D-42FD-84E3-D9D3BA2985E7}.Release|x86.ActiveCfg = Release|Win32
		{D41E805A-2E6D-42FD-84E3-D9D3BA2985E7}.Release|x86.Build.0 = Release|Win32
	EndGlobalSection
	GlobalSection(SolutionProperties) = preSolution
		HideSolutionNode = FALSE
	EndGlobalSection
	GlobalSection(ExtensibilityGlobals) = postSolution
		SolutionGuid = {9B5D1BB7-ED43-4A6B-8B64-D9A740D2F03F}
	EndGlobalSection
EndGlobal
